
Microsoft Visual Studio Solution File, Format Version 12.00
# Visual Studio Version 17
VisualStudioVersion = 17.8.34511.84
MinimumVisualStudioVersion = 10.0.40219.1
Project("{FAE04EC0-301F-11D3-BF4B-00C04F79EFBC}") = "WepApi", "WepApi\WepApi.csproj", "{70C3DD1F-536D-4B73-8958-CAB1CED8F89A}"
EndProject
Global
	GlobalSection(SolutionConfigurationPlatforms) = preSolution
		Debug|Any CPU = Debug|Any CPU
		Release|Any CPU = Release|Any CPU
	EndGlobalSection
	GlobalSection(ProjectConfigurationPlatforms) = postSolution
		{70C3DD1F-536D-4B73-8958-CAB1CED8F89A}.Debug|Any CPU.ActiveCfg = Debug|Any CPU
		{70C3DD1F-536D-4B73-8958-CAB1CED8F89A}.Debug|Any CPU.Build.0 = Debug|Any CPU
		{70C3DD1F-536D-4B73-8958-CAB1CED8F89A}.Release|Any CPU.ActiveCfg = Release|Any CPU
		{70C3DD1F-536D-4B73-8958-CAB1CED8F89A}.Release|Any CPU.Build.0 = Release|Any CPU
	EndGlobalSection
	GlobalSection(SolutionProperties) = preSolution
		HideSolutionNode = FALSE
	EndGlobalSection
	GlobalSection(ExtensibilityGlobals) = postSolution
		SolutionGuid = {715627C8-683D-4E65-896B-AB13624AD5B7}
	EndGlobalSection
EndGlobal
